<Solution>
  <Folder Name="/Extensions/">
    <Project Path="Extensions/Synapse.LSP.Client/Synapse.LSP.Client.csproj" Id="d7cb747e-0313-431a-b711-9c6aac9062f8" />
    <Project Path="Extensions/Synapse.VisualStudio/Synapse.VisualStudio.csproj" Id="48190bf4-a331-4e98-a25b-bcbc2b41861e">
      <BuildDependency Project="Synapse.CLI/Synapse.CLI.csproj" />
      <Deploy />
    </Project>
  </Folder>
  <Folder Name="/Properties/">
    <File Path=".editorconfig" />
  </Folder>
  <Project Path="Synapse.CLI.Abstractions/Synapse.CLI.Abstractions.csproj" Id="a08c03d2-2e69-4122-8c91-a6119eeed622" />
  <Project Path="Synapse.CLI/Synapse.CLI.csproj" Id="dc002892-a1a4-4c49-9103-1aefffec99e3" />
  <Project Path="Synapse.Common/Synapse.Common.csproj" Id="831afbfa-864e-441c-812f-3fecf27c464d" />
  <Project Path="Synapse.LSP.Abstractions/Synapse.LSP.Abstractions.csproj" Id="71b1a15d-304f-4d67-8293-34b81b56e7a0" />
  <Project Path="Synapse.LSP.Server/Synapse.LSP.Server.csproj" />
</Solution>
